
Microsoft Visual Studio Solution File, Format Version 12.00
# Visual Studio Version 16
VisualStudioVersion = 16.0.29728.190
MinimumVisualStudioVersion = 10.0.40219.1
Project("{FAE04EC0-301F-11D3-BF4B-00C04F79EFBC}") = "ModNet", "ModNet\ModNet.csproj", "{A1423936-E03B-4C32-B7A1-1B069A917071}"
EndProject
Global
	GlobalSection(SolutionConfigurationPlatforms) = preSolution
		Debug|Any CPU = Debug|Any CPU
		Release|Any CPU = Release|Any CPU
	EndGlobalSection
	GlobalSection(ProjectConfigurationPlatforms) = postSolution
		{A1423936-E03B-4C32-B7A1-1B069A917071}.Debug|Any CPU.ActiveCfg = Debug|Any CPU
		{A1423936-E03B-4C32-B7A1-1B069A917071}.Debug|Any CPU.Build.0 = Debug|Any CPU
		{A1423936-E03B-4C32-B7A1-1B069A917071}.Release|Any CPU.ActiveCfg = Release|Any CPU
		{A1423936-E03B-4C32-B7A1-1B069A917071}.Release|Any CPU.Build.0 = Release|Any CPU
	EndGlobalSection
	GlobalSection(SolutionProperties) = preSolution
		HideSolutionNode = FALSE
	EndGlobalSection
	GlobalSection(ExtensibilityGlobals) = postSolution
		SolutionGuid = {B78E3F83-1065-46F5-B390-881CC51871D3}
	EndGlobalSection
EndGlobal
